// !$*UTF8*$!
{
	archiveVersion = 1;
	classes = {
	};
	objectVersion = 46;
	objects = {

/* Begin PBXBuildFile section */
		54467AB718EFE00F0088DE59 /* Foundation.framework in Frameworks */ = {isa = PBXBuildFile; fileRef = 54467AB618EFE00F0088DE59 /* Foundation.framework */; };
		54467AB918EFE00F0088DE59 /* CoreGraphics.framework in Frameworks */ = {isa = PBXBuildFile; fileRef = 54467AB818EFE00F0088DE59 /* CoreGraphics.framework */; };
		54467ABB18EFE00F0088DE59 /* UIKit.framework in Frameworks */ = {isa = PBXBuildFile; fileRef = 54467ABA18EFE00F0088DE59 /* UIKit.framework */; };
		54467AC118EFE00F0088DE59 /* InfoPlist.strings in Resources */ = {isa = PBXBuildFile; fileRef = 54467ABF18EFE00F0088DE59 /* InfoPlist.strings */; };
		54467AC318EFE00F0088DE59 /* main.m in Sources */ = {isa = PBXBuildFile; fileRef = 54467AC218EFE00F0088DE59 /* main.m */; };
		54467AC718EFE00F0088DE59 /* Floating_point_number_into_a_fractionAppDelegate.m in Sources */ = {isa = PBXBuildFile; fileRef = 54467AC618EFE00F0088DE59 /* Floating_point_number_into_a_fractionAppDelegate.m */; };
		54467AC918EFE00F0088DE59 /* Images.xcassets in Resources */ = {isa = PBXBuildFile; fileRef = 54467AC818EFE00F0088DE59 /* Images.xcassets */; };
		54467AD018EFE00F0088DE59 /* XCTest.framework in Frameworks */ = {isa = PBXBuildFile; fileRef = 54467ACF18EFE00F0088DE59 /* XCTest.framework */; };
		54467AD118EFE00F0088DE59 /* Foundation.framework in Frameworks */ = {isa = PBXBuildFile; fileRef = 54467AB618EFE00F0088DE59 /* Foundation.framework */; };
		54467AD218EFE00F0088DE59 /* UIKit.framework in Frameworks */ = {isa = PBXBuildFile; fileRef = 54467ABA18EFE00F0088DE59 /* UIKit.framework */; };
		54467ADA18EFE00F0088DE59 /* InfoPlist.strings in Resources */ = {isa = PBXBuildFile; fileRef = 54467AD818EFE00F0088DE59 /* InfoPlist.strings */; };
		54467ADC18EFE00F0088DE59 /* Design_modelTests.m in Sources */ = {isa = PBXBuildFile; fileRef = 54467ADB18EFE00F0088DE59 /* Design_modelTests.m */; };
		54467AE718F02D520088DE59 /* singleton.m in Sources */ = {isa = PBXBuildFile; fileRef = 54467AE618F02D520088DE59 /* singleton.m */; };
		54467AFE18F039320088DE59 /* CashContext.m in Sources */ = {isa = PBXBuildFile; fileRef = 54467AFD18F039320088DE59 /* CashContext.m */; };
		54467B0118F039460088DE59 /* CashSuper.m in Sources */ = {isa = PBXBuildFile; fileRef = 54467B0018F039460088DE59 /* CashSuper.m */; };
		54467B0418F0395E0088DE59 /* CashNormal.m in Sources */ = {isa = PBXBuildFile; fileRef = 54467B0318F0395E0088DE59 /* CashNormal.m */; };
		54467B0718F039710088DE59 /* CashRebate.m in Sources */ = {isa = PBXBuildFile; fileRef = 54467B0618F039710088DE59 /* CashRebate.m */; };
		54467B0A18F039810088DE59 /* CashReturn.m in Sources */ = {isa = PBXBuildFile; fileRef = 54467B0918F039810088DE59 /* CashReturn.m */; };
		54467B0E18F043CE0088DE59 /* Operation.m in Sources */ = {isa = PBXBuildFile; fileRef = 54467B0D18F043CE0088DE59 /* Operation.m */; };
		54467B1118F0442B0088DE59 /* OperationAdd.m in Sources */ = {isa = PBXBuildFile; fileRef = 54467B1018F0442B0088DE59 /* OperationAdd.m */; };
		54467B1418F0444A0088DE59 /* OperationSub.m in Sources */ = {isa = PBXBuildFile; fileRef = 54467B1318F0444A0088DE59 /* OperationSub.m */; };
		54467B1718F044980088DE59 /* OperationMul.m in Sources */ = {isa = PBXBuildFile; fileRef = 54467B1618F044980088DE59 /* OperationMul.m */; };
		54467B1A18F044AF0088DE59 /* OperationDiv.m in Sources */ = {isa = PBXBuildFile; fileRef = 54467B1918F044AF0088DE59 /* OperationDiv.m */; };
		54467B2018F044DA0088DE59 /* OperationFactory.m in Sources */ = {isa = PBXBuildFile; fileRef = 54467B1F18F044DA0088DE59 /* OperationFactory.m */; };
		54467B2518F04AE40088DE59 /* Observers.m in Sources */ = {isa = PBXBuildFile; fileRef = 54467B2418F04AE40088DE59 /* Observers.m */; };
		54467B2818F04B040088DE59 /* ConcreteObservers.m in Sources */ = {isa = PBXBuildFile; fileRef = 54467B2718F04B040088DE59 /* ConcreteObservers.m */; };
		54467B2B18F04BCE0088DE59 /* Subjects.m in Sources */ = {isa = PBXBuildFile; fileRef = 54467B2A18F04BCE0088DE59 /* Subjects.m */; };
		54467B3118F04C320088DE59 /* ConcreteSubject.m in Sources */ = {isa = PBXBuildFile; fileRef = 54467B3018F04C320088DE59 /* ConcreteSubject.m */; };
/* End PBXBuildFile section */

/* Begin PBXContainerItemProxy section */
		54467AD318EFE00F0088DE59 /* PBXContainerItemProxy */ = {
			isa = PBXContainerItemProxy;
			containerPortal = 54467AAB18EFE00F0088DE59 /* Project object */;
			proxyType = 1;
			remoteGlobalIDString = 54467AB218EFE00F0088DE59;
			remoteInfo = "Design model";
		};
/* End PBXContainerItemProxy section */

/* Begin PBXFileReference section */
		54467AB318EFE00F0088DE59 /* Design model.app */ = {isa = PBXFileReference; explicitFileType = wrapper.application; includeInIndex = 0; path = "Design model.app"; sourceTree = BUILT_PRODUCTS_DIR; };
		54467AB618EFE00F0088DE59 /* Foundation.framework */ = {isa = PBXFileReference; lastKnownFileType = wrapper.framework; name = Foundation.framework; path = System/Library/Frameworks/Foundation.framework; sourceTree = SDKROOT; };
		54467AB818EFE00F0088DE59 /* CoreGraphics.framework */ = {isa = PBXFileReference; lastKnownFileType = wrapper.framework; name = CoreGraphics.framework; path = System/Library/Frameworks/CoreGraphics.framework; sourceTree = SDKROOT; };
		54467ABA18EFE00F0088DE59 /* UIKit.framework */ = {isa = PBXFileReference; lastKnownFileType = wrapper.framework; name = UIKit.framework; path = System/Library/Frameworks/UIKit.framework; sourceTree = SDKROOT; };
		54467ABE18EFE00F0088DE59 /* Design model-Info.plist */ = {isa = PBXFileReference; lastKnownFileType = text.plist.xml; path = "Design model-Info.plist"; sourceTree = "<group>"; };
		54467AC018EFE00F0088DE59 /* en */ = {isa = PBXFileReference; lastKnownFileType = text.plist.strings; name = en; path = en.lproj/InfoPlist.strings; sourceTree = "<group>"; };
		54467AC218EFE00F0088DE59 /* main.m */ = {isa = PBXFileReference; lastKnownFileType = sourcecode.c.objc; path = main.m; sourceTree = "<group>"; };
		54467AC418EFE00F0088DE59 /* Design model-Prefix.pch */ = {isa = PBXFileReference; lastKnownFileType = sourcecode.c.h; path = "Design model-Prefix.pch"; sourceTree = "<group>"; };
		54467AC518EFE00F0088DE59 /* Floating_point_number_into_a_fractionAppDelegate.h */ = {isa = PBXFileReference; lastKnownFileType = sourcecode.c.h; path = Floating_point_number_into_a_fractionAppDelegate.h; sourceTree = "<group>"; };
		54467AC618EFE00F0088DE59 /* Floating_point_number_into_a_fractionAppDelegate.m */ = {isa = PBXFileReference; lastKnownFileType = sourcecode.c.objc; path = Floating_point_number_into_a_fractionAppDelegate.m; sourceTree = "<group>"; };
		54467AC818EFE00F0088DE59 /* Images.xcassets */ = {isa = PBXFileReference; lastKnownFileType = folder.assetcatalog; path = Images.xcassets; sourceTree = "<group>"; };
		54467ACE18EFE00F0088DE59 /* Design modelTests.xctest */ = {isa = PBXFileReference; explicitFileType = wrapper.cfbundle; includeInIndex = 0; path = "Design modelTests.xctest"; sourceTree = BUILT_PRODUCTS_DIR; };
		54467ACF18EFE00F0088DE59 /* XCTest.framework */ = {isa = PBXFileReference; lastKnownFileType = wrapper.framework; name = XCTest.framework; path = Library/Frameworks/XCTest.framework; sourceTree = DEVELOPER_DIR; };
		54467AD718EFE00F0088DE59 /* Design modelTests-Info.plist */ = {isa = PBXFileReference; lastKnownFileType = text.plist.xml; path = "Design modelTests-Info.plist"; sourceTree = "<group>"; };
		54467AD918EFE00F0088DE59 /* en */ = {isa = PBXFileReference; lastKnownFileType = text.plist.strings; name = en; path = en.lproj/InfoPlist.strings; sourceTree = "<group>"; };
		54467ADB18EFE00F0088DE59 /* Design_modelTests.m */ = {isa = PBXFileReference; lastKnownFileType = sourcecode.c.objc; path = Design_modelTests.m; sourceTree = "<group>"; };
		54467AE518F02D520088DE59 /* singleton.h */ = {isa = PBXFileReference; fileEncoding = 4; lastKnownFileType = sourcecode.c.h; path = singleton.h; sourceTree = "<group>"; };
		54467AE618F02D520088DE59 /* singleton.m */ = {isa = PBXFileReference; fileEncoding = 4; lastKnownFileType = sourcecode.c.objc; path = singleton.m; sourceTree = "<group>"; };
		54467AFC18F039320088DE59 /* CashContext.h */ = {isa = PBXFileReference; fileEncoding = 4; lastKnownFileType = sourcecode.c.h; name = CashContext.h; path = "Strategy model/CashContext.h"; sourceTree = "<group>"; };
		54467AFD18F039320088DE59 /* CashContext.m */ = {isa = PBXFileReference; fileEncoding = 4; lastKnownFileType = sourcecode.c.objc; name = CashContext.m; path = "Strategy model/CashContext.m"; sourceTree = "<group>"; };
		54467AFF18F039460088DE59 /* CashSuper.h */ = {isa = PBXFileReference; fileEncoding = 4; lastKnownFileType = sourcecode.c.h; name = CashSuper.h; path = "Strategy model/CashSuper.h"; sourceTree = "<group>"; };
		54467B0018F039460088DE59 /* CashSuper.m */ = {isa = PBXFileReference; fileEncoding = 4; lastKnownFileType = sourcecode.c.objc; name = CashSuper.m; path = "Strategy model/CashSuper.m"; sourceTree = "<group>"; };
		54467B0218F0395E0088DE59 /* CashNormal.h */ = {isa = PBXFileReference; fileEncoding = 4; lastKnownFileType = sourcecode.c.h; name = CashNormal.h; path = "Strategy model/CashNormal.h"; sourceTree = "<group>"; };
		54467B0318F0395E0088DE59 /* CashNormal.m */ = {isa = PBXFileReference; fileEncoding = 4; lastKnownFileType = sourcecode.c.objc; name = CashNormal.m; path = "Strategy model/CashNormal.m"; sourceTree = "<group>"; };
		54467B0518F039710088DE59 /* CashRebate.h */ = {isa = PBXFileReference; fileEncoding = 4; lastKnownFileType = sourcecode.c.h; path = CashRebate.h; sourceTree = "<group>"; };
		54467B0618F039710088DE59 /* CashRebate.m */ = {isa = PBXFileReference; fileEncoding = 4; lastKnownFileType = sourcecode.c.objc; path = CashRebate.m; sourceTree = "<group>"; };
		54467B0818F039810088DE59 /* CashReturn.h */ = {isa = PBXFileReference; fileEncoding = 4; lastKnownFileType = sourcecode.c.h; path = CashReturn.h; sourceTree = "<group>"; };
		54467B0918F039810088DE59 /* CashReturn.m */ = {isa = PBXFileReference; fileEncoding = 4; lastKnownFileType = sourcecode.c.objc; path = CashReturn.m; sourceTree = "<group>"; };
		54467B0C18F043CD0088DE59 /* Operation.h */ = {isa = PBXFileReference; fileEncoding = 4; lastKnownFileType = sourcecode.c.h; name = Operation.h; path = factory/Operation.h; sourceTree = "<group>"; };
		54467B0D18F043CE0088DE59 /* Operation.m */ = {isa = PBXFileReference; fileEncoding = 4; lastKnownFileType = sourcecode.c.objc; name = Operation.m; path = factory/Operation.m; sourceTree = "<group>"; };
		54467B0F18F0442B0088DE59 /* OperationAdd.h */ = {isa = PBXFileReference; fileEncoding = 4; lastKnownFileType = sourcecode.c.h; name = OperationAdd.h; path = factory/OperationAdd.h; sourceTree = "<group>"; };
		54467B1018F0442B0088DE59 /* OperationAdd.m */ = {isa = PBXFileReference; fileEncoding = 4; lastKnownFileType = sourcecode.c.objc; name = OperationAdd.m; path = factory/OperationAdd.m; sourceTree = "<group>"; };
		54467B1218F0444A0088DE59 /* OperationSub.h */ = {isa = PBXFileReference; fileEncoding = 4; lastKnownFileType = sourcecode.c.h; name = OperationSub.h; path = factory/OperationSub.h; sourceTree = "<group>"; };
		54467B1318F0444A0088DE59 /* OperationSub.m */ = {isa = PBXFileReference; fileEncoding = 4; lastKnownFileType = sourcecode.c.objc; name = OperationSub.m; path = factory/OperationSub.m; sourceTree = "<group>"; };
		54467B1518F044980088DE59 /* OperationMul.h */ = {isa = PBXFileReference; fileEncoding = 4; lastKnownFileType = sourcecode.c.h; name = OperationMul.h; path = factory/OperationMul.h; sourceTree = "<group>"; };
		54467B1618F044980088DE59 /* OperationMul.m */ = {isa = PBXFileReference; fileEncoding = 4; lastKnownFileType = sourcecode.c.objc; name = OperationMul.m; path = factory/OperationMul.m; sourceTree = "<group>"; };
		54467B1818F044AF0088DE59 /* OperationDiv.h */ = {isa = PBXFileReference; fileEncoding = 4; lastKnownFileType = sourcecode.c.h; name = OperationDiv.h; path = factory/OperationDiv.h; sourceTree = "<group>"; };
		54467B1918F044AF0088DE59 /* OperationDiv.m */ = {isa = PBXFileReference; fileEncoding = 4; lastKnownFileType = sourcecode.c.objc; name = OperationDiv.m; path = factory/OperationDiv.m; sourceTree = "<group>"; };
		54467B1E18F044DA0088DE59 /* OperationFactory.h */ = {isa = PBXFileReference; fileEncoding = 4; lastKnownFileType = sourcecode.c.h; name = OperationFactory.h; path = factory/OperationFactory.h; sourceTree = "<group>"; };
		54467B1F18F044DA0088DE59 /* OperationFactory.m */ = {isa = PBXFileReference; fileEncoding = 4; lastKnownFileType = sourcecode.c.objc; name = OperationFactory.m; path = factory/OperationFactory.m; sourceTree = "<group>"; };
		54467B2318F04AE40088DE59 /* Observers.h */ = {isa = PBXFileReference; fileEncoding = 4; lastKnownFileType = sourcecode.c.h; name = Observers.h; path = "Observer model/Observers.h"; sourceTree = "<group>"; };
		54467B2418F04AE40088DE59 /* Observers.m */ = {isa = PBXFileReference; fileEncoding = 4; lastKnownFileType = sourcecode.c.objc; name = Observers.m; path = "Observer model/Observers.m"; sourceTree = "<group>"; };
		54467B2618F04B040088DE59 /* ConcreteObservers.h */ = {isa = PBXFileReference; fileEncoding = 4; lastKnownFileType = sourcecode.c.h; name = ConcreteObservers.h; path = "Observer model/ConcreteObservers.h"; sourceTree = "<group>"; };
		54467B2718F04B040088DE59 /* ConcreteObservers.m */ = {isa = PBXFileReference; fileEncoding = 4; lastKnownFileType = sourcecode.c.objc; name = ConcreteObservers.m; path = "Observer model/ConcreteObservers.m"; sourceTree = "<group>"; };
		54467B2918F04BCE0088DE59 /* Subjects.h */ = {isa = PBXFileReference; fileEncoding = 4; lastKnownFileType = sourcecode.c.h; path = Subjects.h; sourceTree = "<group>"; };
		54467B2A18F04BCE0088DE59 /* Subjects.m */ = {isa = PBXFileReference; fileEncoding = 4; lastKnownFileType = sourcecode.c.objc; path = Subjects.m; sourceTree = "<group>"; };
		54467B2F18F04C320088DE59 /* ConcreteSubject.h */ = {isa = PBXFileReference; fileEncoding = 4; lastKnownFileType = sourcecode.c.h; name = ConcreteSubject.h; path = "Observer model/ConcreteSubject.h"; sourceTree = "<group>"; };
		54467B3018F04C320088DE59 /* ConcreteSubject.m */ = {isa = PBXFileReference; fileEncoding = 4; lastKnownFileType = sourcecode.c.objc; name = ConcreteSubject.m; path = "Observer model/ConcreteSubject.m"; sourceTree = "<group>"; };
/* End PBXFileReference section */

/* Begin PBXFrameworksBuildPhase section */
		54467AB018EFE00F0088DE59 /* Frameworks */ = {
			isa = PBXFrameworksBuildPhase;
			buildActionMask = 2147483647;
			files = (
				54467AB918EFE00F0088DE59 /* CoreGraphics.framework in Frameworks */,
				54467ABB18EFE00F0088DE59 /* UIKit.framework in Frameworks */,
				54467AB718EFE00F0088DE59 /* Foundation.framework in Frameworks */,
			);
			runOnlyForDeploymentPostprocessing = 0;
		};
		54467ACB18EFE00F0088DE59 /* Frameworks */ = {
			isa = PBXFrameworksBuildPhase;
			buildActionMask = 2147483647;
			files = (
				54467AD018EFE00F0088DE59 /* XCTest.framework in Frameworks */,
				54467AD218EFE00F0088DE59 /* UIKit.framework in Frameworks */,
				54467AD118EFE00F0088DE59 /* Foundation.framework in Frameworks */,
			);
			runOnlyForDeploymentPostprocessing = 0;
		};
/* End PBXFrameworksBuildPhase section */

/* Begin PBXGroup section */
		54467AAA18EFE00F0088DE59 = {
			isa = PBXGroup;
			children = (
				54467B2218F049EB0088DE59 /* Observer */,
				54467B0B18F0435C0088DE59 /* simple factory */,
				54467AF218F034D30088DE59 /* singleton model */,
				54467AF118F034BD0088DE59 /* Strategy model */,
				54467ABC18EFE00F0088DE59 /* Design model */,
				54467AD518EFE00F0088DE59 /* Design modelTests */,
				54467AB518EFE00F0088DE59 /* Frameworks */,
				54467AB418EFE00F0088DE59 /* Products */,
			);
			sourceTree = "<group>";
		};
		54467AB418EFE00F0088DE59 /* Products */ = {
			isa = PBXGroup;
			children = (
				54467AB318EFE00F0088DE59 /* Design model.app */,
				54467ACE18EFE00F0088DE59 /* Design modelTests.xctest */,
			);
			name = Products;
			sourceTree = "<group>";
		};
		54467AB518EFE00F0088DE59 /* Frameworks */ = {
			isa = PBXGroup;
			children = (
				54467AB618EFE00F0088DE59 /* Foundation.framework */,
				54467AB818EFE00F0088DE59 /* CoreGraphics.framework */,
				54467ABA18EFE00F0088DE59 /* UIKit.framework */,
				54467ACF18EFE00F0088DE59 /* XCTest.framework */,
			);
			name = Frameworks;
			sourceTree = "<group>";
		};
		54467ABC18EFE00F0088DE59 /* Design model */ = {
			isa = PBXGroup;
			children = (
				54467AC518EFE00F0088DE59 /* Floating_point_number_into_a_fractionAppDelegate.h */,
				54467AC618EFE00F0088DE59 /* Floating_point_number_into_a_fractionAppDelegate.m */,
				54467AC818EFE00F0088DE59 /* Images.xcassets */,
				54467ABD18EFE00F0088DE59 /* Supporting Files */,
			);
			path = "Design model";
			sourceTree = "<group>";
		};
		54467ABD18EFE00F0088DE59 /* Supporting Files */ = {
			isa = PBXGroup;
			children = (
				54467ABE18EFE00F0088DE59 /* Design model-Info.plist */,
				54467ABF18EFE00F0088DE59 /* InfoPlist.strings */,
				54467AC218EFE00F0088DE59 /* main.m */,
				54467AC418EFE00F0088DE59 /* Design model-Prefix.pch */,
			);
			name = "Supporting Files";
			sourceTree = "<group>";
		};
		54467AD518EFE00F0088DE59 /* Design modelTests */ = {
			isa = PBXGroup;
			children = (
				54467ADB18EFE00F0088DE59 /* Design_modelTests.m */,
				54467AD618EFE00F0088DE59 /* Supporting Files */,
			);
			path = "Design modelTests";
			sourceTree = "<group>";
		};
		54467AD618EFE00F0088DE59 /* Supporting Files */ = {
			isa = PBXGroup;
			children = (
				54467AD718EFE00F0088DE59 /* Design modelTests-Info.plist */,
				54467AD818EFE00F0088DE59 /* InfoPlist.strings */,
			);
			name = "Supporting Files";
			sourceTree = "<group>";
		};
		54467AF118F034BD0088DE59 /* Strategy model */ = {
			isa = PBXGroup;
			children = (
				54467AFC18F039320088DE59 /* CashContext.h */,
				54467AFD18F039320088DE59 /* CashContext.m */,
				54467AFF18F039460088DE59 /* CashSuper.h */,
				54467B0018F039460088DE59 /* CashSuper.m */,
				54467B0218F0395E0088DE59 /* CashNormal.h */,
				54467B0318F0395E0088DE59 /* CashNormal.m */,
				54467B0518F039710088DE59 /* CashRebate.h */,
				54467B0618F039710088DE59 /* CashRebate.m */,
				54467B0818F039810088DE59 /* CashReturn.h */,
				54467B0918F039810088DE59 /* CashReturn.m */,
			);
			name = "Strategy model";
			sourceTree = "<group>";
		};
		54467AF218F034D30088DE59 /* singleton model */ = {
			isa = PBXGroup;
			children = (
				54467AE518F02D520088DE59 /* singleton.h */,
				54467AE618F02D520088DE59 /* singleton.m */,
			);
			name = "singleton model";
			sourceTree = "<group>";
		};
		54467B0B18F0435C0088DE59 /* simple factory */ = {
			isa = PBXGroup;
			children = (
				54467B0C18F043CD0088DE59 /* Operation.h */,
				54467B0D18F043CE0088DE59 /* Operation.m */,
				54467B0F18F0442B0088DE59 /* OperationAdd.h */,
				54467B1018F0442B0088DE59 /* OperationAdd.m */,
				54467B1218F0444A0088DE59 /* OperationSub.h */,
				54467B1318F0444A0088DE59 /* OperationSub.m */,
				54467B1518F044980088DE59 /* OperationMul.h */,
				54467B1618F044980088DE59 /* OperationMul.m */,
				54467B1818F044AF0088DE59 /* OperationDiv.h */,
				54467B1918F044AF0088DE59 /* OperationDiv.m */,
				54467B1E18F044DA0088DE59 /* OperationFactory.h */,
				54467B1F18F044DA0088DE59 /* OperationFactory.m */,
			);
			name = "simple factory";
			sourceTree = "<group>";
		};
		54467B2218F049EB0088DE59 /* Observer */ = {
			isa = PBXGroup;
			children = (
				54467B2318F04AE40088DE59 /* Observers.h */,
				54467B2418F04AE40088DE59 /* Observers.m */,
				54467B2618F04B040088DE59 /* ConcreteObservers.h */,
				54467B2718F04B040088DE59 /* ConcreteObservers.m */,
				54467B2918F04BCE0088DE59 /* Subjects.h */,
				54467B2A18F04BCE0088DE59 /* Subjects.m */,
				54467B2F18F04C320088DE59 /* ConcreteSubject.h */,
				54467B3018F04C320088DE59 /* ConcreteSubject.m */,
			);
			name = Observer;
			sourceTree = "<group>";
		};
/* End PBXGroup section */

/* Begin PBXNativeTarget section */
		54467AB218EFE00F0088DE59 /* Design model */ = {
			isa = PBXNativeTarget;
			buildConfigurationList = 54467ADF18EFE00F0088DE59 /* Build configuration list for PBXNativeTarget "Design model" */;
			buildPhases = (
				54467AAF18EFE00F0088DE59 /* Sources */,
				54467AB018EFE00F0088DE59 /* Frameworks */,
				54467AB118EFE00F0088DE59 /* Resources */,
			);
			buildRules = (
			);
			dependencies = (
			);
			name = "Design model";
			productName = "Design model";
			productReference = 54467AB318EFE00F0088DE59 /* Design model.app */;
			productType = "com.apple.product-type.application";
		};
		54467ACD18EFE00F0088DE59 /* Design modelTests */ = {
			isa = PBXNativeTarget;
			buildConfigurationList = 54467AE218EFE00F0088DE59 /* Build configuration list for PBXNativeTarget "Design modelTests" */;
			buildPhases = (
				54467ACA18EFE00F0088DE59 /* Sources */,
				54467ACB18EFE00F0088DE59 /* Frameworks */,
				54467ACC18EFE00F0088DE59 /* Resources */,
			);
			buildRules = (
			);
			dependencies = (
				54467AD418EFE00F0088DE59 /* PBXTargetDependency */,
			);
			name = "Design modelTests";
			productName = "Design modelTests";
			productReference = 54467ACE18EFE00F0088DE59 /* Design modelTests.xctest */;
			productType = "com.apple.product-type.bundle.unit-test";
		};
/* End PBXNativeTarget section */

/* Begin PBXProject section */
		54467AAB18EFE00F0088DE59 /* Project object */ = {
			isa = PBXProject;
			attributes = {
				CLASSPREFIX = "Floating point number into a fraction";
				LastUpgradeCheck = 0500;
				ORGANIZATIONNAME = yufu;
				TargetAttributes = {
					54467ACD18EFE00F0088DE59 = {
						TestTargetID = 54467AB218EFE00F0088DE59;
					};
				};
			};
			buildConfigurationList = 54467AAE18EFE00F0088DE59 /* Build configuration list for PBXProject "Design model" */;
			compatibilityVersion = "Xcode 3.2";
			developmentRegion = English;
			hasScannedForEncodings = 0;
			knownRegions = (
				en,
			);
			mainGroup = 54467AAA18EFE00F0088DE59;
			productRefGroup = 54467AB418EFE00F0088DE59 /* Products */;
			projectDirPath = "";
			projectRoot = "";
			targets = (
				54467AB218EFE00F0088DE59 /* Design model */,
				54467ACD18EFE00F0088DE59 /* Design modelTests */,
			);
		};
/* End PBXProject section */

/* Begin PBXResourcesBuildPhase section */
		54467AB118EFE00F0088DE59 /* Resources */ = {
			isa = PBXResourcesBuildPhase;
			buildActionMask = 2147483647;
			files = (
				54467AC118EFE00F0088DE59 /* InfoPlist.strings in Resources */,
				54467AC918EFE00F0088DE59 /* Images.xcassets in Resources */,
			);
			runOnlyForDeploymentPostprocessing = 0;
		};
		54467ACC18EFE00F0088DE59 /* Resources */ = {
			isa = PBXResourcesBuildPhase;
			buildActionMask = 2147483647;
			files = (
				54467ADA18EFE00F0088DE59 /* InfoPlist.strings in Resources */,
			);
			runOnlyForDeploymentPostprocessing = 0;
		};
/* End PBXResourcesBuildPhase section */

/* Begin PBXSourcesBuildPhase section */
		54467AAF18EFE00F0088DE59 /* Sources */ = {
			isa = PBXSourcesBuildPhase;
			buildActionMask = 2147483647;
			files = (
				54467AFE18F039320088DE59 /* CashContext.m in Sources */,
				54467B2B18F04BCE0088DE59 /* Subjects.m in Sources */,
				54467AE718F02D520088DE59 /* singleton.m in Sources */,
				54467AC718EFE00F0088DE59 /* Floating_point_number_into_a_fractionAppDelegate.m in Sources */,
				54467B0E18F043CE0088DE59 /* Operation.m in Sources */,
				54467B2018F044DA0088DE59 /* OperationFactory.m in Sources */,
				54467B0418F0395E0088DE59 /* CashNormal.m in Sources */,
				54467B0118F039460088DE59 /* CashSuper.m in Sources */,
				54467B0718F039710088DE59 /* CashRebate.m in Sources */,
				54467B2518F04AE40088DE59 /* Observers.m in Sources */,
				54467B0A18F039810088DE59 /* CashReturn.m in Sources */,
				54467B1718F044980088DE59 /* OperationMul.m in Sources */,
				54467AC318EFE00F0088DE59 /* main.m in Sources */,
				54467B2818F04B040088DE59 /* ConcreteObservers.m in Sources */,
				54467B1A18F044AF0088DE59 /* OperationDiv.m in Sources */,
				54467B3118F04C320088DE59 /* ConcreteSubject.m in Sources */,
				54467B1118F0442B0088DE59 /* OperationAdd.m in Sources */,
				54467B1418F0444A0088DE59 /* OperationSub.m in Sources */,
			);
			runOnlyForDeploymentPostprocessing = 0;
		};
		54467ACA18EFE00F0088DE59 /* Sources */ = {
			isa = PBXSourcesBuildPhase;
			buildActionMask = 2147483647;
			files = (
				54467ADC18EFE00F0088DE59 /* Design_modelTests.m in Sources */,
			);
			runOnlyForDeploymentPostprocessing = 0;
		};
/* End PBXSourcesBuildPhase section */

/* Begin PBXTargetDependency section */
		54467AD418EFE00F0088DE59 /* PBXTargetDependency */ = {
			isa = PBXTargetDependency;
			target = 54467AB218EFE00F0088DE59 /* Design model */;
			targetProxy = 54467AD318EFE00F0088DE59 /* PBXContainerItemProxy */;
		};
/* End PBXTargetDependency section */

/* Begin PBXVariantGroup section */
		54467ABF18EFE00F0088DE59 /* InfoPlist.strings */ = {
			isa = PBXVariantGroup;
			children = (
				54467AC018EFE00F0088DE59 /* en */,
			);
			name = InfoPlist.strings;
			sourceTree = "<group>";
		};
		54467AD818EFE00F0088DE59 /* InfoPlist.strings */ = {
			isa = PBXVariantGroup;
			children = (
				54467AD918EFE00F0088DE59 /* en */,
			);
			name = InfoPlist.strings;
			sourceTree = "<group>";
		};
/* End PBXVariantGroup section */

/* Begin XCBuildConfiguration section */
		54467ADD18EFE00F0088DE59 /* Debug */ = {
			isa = XCBuildConfiguration;
			buildSettings = {
				ALWAYS_SEARCH_USER_PATHS = NO;
				ARCHS = "$(ARCHS_STANDARD_INCLUDING_64_BIT)";
				CLANG_CXX_LANGUAGE_STANDARD = "gnu++0x";
				CLANG_CXX_LIBRARY = "libc++";
				CLANG_ENABLE_MODULES = YES;
				CLANG_ENABLE_OBJC_ARC = YES;
				CLANG_WARN_BOOL_CONVERSION = YES;
				CLANG_WARN_CONSTANT_CONVERSION = YES;
				CLANG_WARN_DIRECT_OBJC_ISA_USAGE = YES_ERROR;
				CLANG_WARN_EMPTY_BODY = YES;
				CLANG_WARN_ENUM_CONVERSION = YES;
				CLANG_WARN_INT_CONVERSION = YES;
				CLANG_WARN_OBJC_ROOT_CLASS = YES_ERROR;
				CLANG_WARN__DUPLICATE_METHOD_MATCH = YES;
				"CODE_SIGN_IDENTITY[sdk=iphoneos*]" = "iPhone Developer";
				COPY_PHASE_STRIP = NO;
				GCC_C_LANGUAGE_STANDARD = gnu99;
				GCC_DYNAMIC_NO_PIC = NO;
				GCC_OPTIMIZATION_LEVEL = 0;
				GCC_PREPROCESSOR_DEFINITIONS = (
					"DEBUG=1",
					"$(inherited)",
				);
				GCC_SYMBOLS_PRIVATE_EXTERN = NO;
				GCC_WARN_64_TO_32_BIT_CONVERSION = YES;
				GCC_WARN_ABOUT_RETURN_TYPE = YES_ERROR;
				GCC_WARN_UNDECLARED_SELECTOR = YES;
				GCC_WARN_UNINITIALIZED_AUTOS = YES;
				GCC_WARN_UNUSED_FUNCTION = YES;
				GCC_WARN_UNUSED_VARIABLE = YES;
				IPHONEOS_DEPLOYMENT_TARGET = 7.0;
				ONLY_ACTIVE_ARCH = YES;
				SDKROOT = iphoneos;
			};
			name = Debug;
		};
		54467ADE18EFE00F0088DE59 /* Release */ = {
			isa = XCBuildConfiguration;
			buildSettings = {
				ALWAYS_SEARCH_USER_PATHS = NO;
				ARCHS = "$(ARCHS_STANDARD_INCLUDING_64_BIT)";
				CLANG_CXX_LANGUAGE_STANDARD = "gnu++0x";
				CLANG_CXX_LIBRARY = "libc++";
				CLANG_ENABLE_MODULES = YES;
				CLANG_ENABLE_OBJC_ARC = YES;
				CLANG_WARN_BOOL_CONVERSION = YES;
				CLANG_WARN_CONSTANT_CONVERSION = YES;
				CLANG_WARN_DIRECT_OBJC_ISA_USAGE = YES_ERROR;
				CLANG_WARN_EMPTY_BODY = YES;
				CLANG_WARN_ENUM_CONVERSION = YES;
				CLANG_WARN_INT_CONVERSION = YES;
				CLANG_WARN_OBJC_ROOT_CLASS = YES_ERROR;
				CLANG_WARN__DUPLICATE_METHOD_MATCH = YES;
				"CODE_SIGN_IDENTITY[sdk=iphoneos*]" = "iPhone Developer";
				COPY_PHASE_STRIP = YES;
				ENABLE_NS_ASSERTIONS = NO;
				GCC_C_LANGUAGE_STANDARD = gnu99;
				GCC_WARN_64_TO_32_BIT_CONVERSION = YES;
				GCC_WARN_ABOUT_RETURN_TYPE = YES_ERROR;
				GCC_WARN_UNDECLARED_SELECTOR = YES;
				GCC_WARN_UNINITIALIZED_AUTOS = YES;
				GCC_WARN_UNUSED_FUNCTION = YES;
				GCC_WARN_UNUSED_VARIABLE = YES;
				IPHONEOS_DEPLOYMENT_TARGET = 7.0;
				SDKROOT = iphoneos;
				VALIDATE_PRODUCT = YES;
			};
			name = Release;
		};
		54467AE018EFE00F0088DE59 /* Debug */ = {
			isa = XCBuildConfiguration;
			buildSettings = {
				ASSETCATALOG_COMPILER_APPICON_NAME = AppIcon;
				ASSETCATALOG_COMPILER_LAUNCHIMAGE_NAME = LaunchImage;
				GCC_PRECOMPILE_PREFIX_HEADER = YES;
				GCC_PREFIX_HEADER = "Design model/Design model-Prefix.pch";
				INFOPLIST_FILE = "Design model/Design model-Info.plist";
				PRODUCT_NAME = "$(TARGET_NAME)";
				WRAPPER_EXTENSION = app;
			};
			name = Debug;
		};
		54467AE118EFE00F0088DE59 /* Release */ = {
			isa = XCBuildConfiguration;
			buildSettings = {
				ASSETCATALOG_COMPILER_APPICON_NAME = AppIcon;
				ASSETCATALOG_COMPILER_LAUNCHIMAGE_NAME = LaunchImage;
				GCC_PRECOMPILE_PREFIX_HEADER = YES;
				GCC_PREFIX_HEADER = "Design model/Design model-Prefix.pch";
				INFOPLIST_FILE = "Design model/Design model-Info.plist";
				PRODUCT_NAME = "$(TARGET_NAME)";
				WRAPPER_EXTENSION = app;
			};
			name = Release;
		};
		54467AE318EFE00F0088DE59 /* Debug */ = {
			isa = XCBuildConfiguration;
			buildSettings = {
				ARCHS = "$(ARCHS_STANDARD_INCLUDING_64_BIT)";
				BUNDLE_LOADER = "$(BUILT_PRODUCTS_DIR)/Design model.app/Design model";
				FRAMEWORK_SEARCH_PATHS = (
					"$(SDKROOT)/Developer/Library/Frameworks",
					"$(inherited)",
					"$(DEVELOPER_FRAMEWORKS_DIR)",
				);
				GCC_PRECOMPILE_PREFIX_HEADER = YES;
				GCC_PREFIX_HEADER = "Design model/Design model-Prefix.pch";
				GCC_PREPROCESSOR_DEFINITIONS = (
					"DEBUG=1",
					"$(inherited)",
				);
				INFOPLIST_FILE = "Design modelTests/Design modelTests-Info.plist";
				PRODUCT_NAME = "$(TARGET_NAME)";
				TEST_HOST = "$(BUNDLE_LOADER)";
				WRAPPER_EXTENSION = xctest;
			};
			name = Debug;
		};
		54467AE418EFE00F0088DE59 /* Release */ = {
			isa = XCBuildConfiguration;
			buildSettings = {
				ARCHS = "$(ARCHS_STANDARD_INCLUDING_64_BIT)";
				BUNDLE_LOADER = "$(BUILT_PRODUCTS_DIR)/Design model.app/Design model";
				FRAMEWORK_SEARCH_PATHS = (
					"$(SDKROOT)/Developer/Library/Frameworks",
					"$(inherited)",
					"$(DEVELOPER_FRAMEWORKS_DIR)",
				);
				GCC_PRECOMPILE_PREFIX_HEADER = YES;
				GCC_PREFIX_HEADER = "Design model/Design model-Prefix.pch";
				INFOPLIST_FILE = "Design modelTests/Design modelTests-Info.plist";
				PRODUCT_NAME = "$(TARGET_NAME)";
				TEST_HOST = "$(BUNDLE_LOADER)";
				WRAPPER_EXTENSION = xctest;
			};
			name = Release;
		};
/* End XCBuildConfiguration section */

/* Begin XCConfigurationList section */
		54467AAE18EFE00F0088DE59 /* Build configuration list for PBXProject "Design model" */ = {
			isa = XCConfigurationList;
			buildConfigurations = (
				54467ADD18EFE00F0088DE59 /* Debug */,
				54467ADE18EFE00F0088DE59 /* Release */,
			);
			defaultConfigurationIsVisible = 0;
			defaultConfigurationName = Release;
		};
		54467ADF18EFE00F0088DE59 /* Build configuration list for PBXNativeTarget "Design model" */ = {
			isa = XCConfigurationList;
			buildConfigurations = (
				54467AE018EFE00F0088DE59 /* Debug */,
				54467AE118EFE00F0088DE59 /* Release */,
			);
			defaultConfigurationIsVisible = 0;
		};
		54467AE218EFE00F0088DE59 /* Build configuration list for PBXNativeTarget "Design modelTests" */ = {
			isa = XCConfigurationList;
			buildConfigurations = (
				54467AE318EFE00F0088DE59 /* Debug */,
				54467AE418EFE00F0088DE59 /* Release */,
			);
			defaultConfigurationIsVisible = 0;
		};
/* End XCConfigurationList section */
	};
	rootObject = 54467AAB18EFE00F0088DE59 /* Project object */;
}
